
Microsoft Visual Studio Solution File, Format Version 12.00
# Visual Studio 2012
Project("{FAE04EC0-301F-11D3-BF4B-00C04F79EFBC}") = "OpenCVConfig", "OpenCVConfig.csproj", "{F7A52FD5-2970-466F-B71E-C2C9BE8CDFDF}"
EndProject
Global
	GlobalSection(SolutionConfigurationPlatforms) = preSolution
		Debug|Any CPU = Debug|Any CPU
		Release|Any CPU = Release|Any CPU
	EndGlobalSection
	GlobalSection(ProjectConfigurationPlatforms) = postSolution
		{F7A52FD5-2970-466F-B71E-C2C9BE8CDFDF}.Debug|Any CPU.ActiveCfg = Debug|Any CPU
		{F7A52FD5-2970-466F-B71E-C2C9BE8CDFDF}.Debug|Any CPU.Build.0 = Debug|Any CPU
		{F7A52FD5-2970-466F-B71E-C2C9BE8CDFDF}.Release|Any CPU.ActiveCfg = Release|Any CPU
		{F7A52FD5-2970-466F-B71E-C2C9BE8CDFDF}.Release|Any CPU.Build.0 = Release|Any CPU
	EndGlobalSection
	GlobalSection(SolutionProperties) = preSolution
		HideSolutionNode = FALSE
	EndGlobalSection
EndGlobal
